
Microsoft Visual Studio Solution File, Format Version 12.00
Project("{FAE04EC0-301F-11D3-BF4B-00C04F79EFBC}") = "View", "View\View.csproj", "{227FCC21-A154-41AD-B2C1-500A4F29945A}"
EndProject
Project("{FAE04EC0-301F-11D3-BF4B-00C04F79EFBC}") = "Model", "Model\Model.csproj", "{E78E8100-95C7-41F9-BC08-EA9FA8ACCE66}"
EndProject
Project("{FAE04EC0-301F-11D3-BF4B-00C04F79EFBC}") = "Domain", "Domain\Domain.csproj", "{4456E816-24E9-4622-BA34-ED070618B005}"
EndProject
Global
	GlobalSection(SolutionConfigurationPlatforms) = preSolution
		Debug|Any CPU = Debug|Any CPU
		Release|Any CPU = Release|Any CPU
	EndGlobalSection
	GlobalSection(ProjectConfigurationPlatforms) = postSolution
		{227FCC21-A154-41AD-B2C1-500A4F29945A}.Debug|Any CPU.ActiveCfg = Debug|Any CPU
		{227FCC21-A154-41AD-B2C1-500A4F29945A}.Debug|Any CPU.Build.0 = Debug|Any CPU
		{227FCC21-A154-41AD-B2C1-500A4F29945A}.Release|Any CPU.ActiveCfg = Release|Any CPU
		{227FCC21-A154-41AD-B2C1-500A4F29945A}.Release|Any CPU.Build.0 = Release|Any CPU
		{E78E8100-95C7-41F9-BC08-EA9FA8ACCE66}.Debug|Any CPU.ActiveCfg = Debug|Any CPU
		{E78E8100-95C7-41F9-BC08-EA9FA8ACCE66}.Debug|Any CPU.Build.0 = Debug|Any CPU
		{E78E8100-95C7-41F9-BC08-EA9FA8ACCE66}.Release|Any CPU.ActiveCfg = Release|Any CPU
		{E78E8100-95C7-41F9-BC08-EA9FA8ACCE66}.Release|Any CPU.Build.0 = Release|Any CPU
		{4456E816-24E9-4622-BA34-ED070618B005}.Debug|Any CPU.ActiveCfg = Debug|Any CPU
		{4456E816-24E9-4622-BA34-ED070618B005}.Debug|Any CPU.Build.0 = Debug|Any CPU
		{4456E816-24E9-4622-BA34-ED070618B005}.Release|Any CPU.ActiveCfg = Release|Any CPU
		{4456E816-24E9-4622-BA34-ED070618B005}.Release|Any CPU.Build.0 = Release|Any CPU
	EndGlobalSection
EndGlobal
